
Microsoft Visual Studio Solution File, Format Version 12.00
# Visual Studio Version 16
VisualStudioVersion = 16.0.29806.167
MinimumVisualStudioVersion = 10.0.40219.1
Project("{FAE04EC0-301F-11D3-BF4B-00C04F79EFBC}") = "GUI", "GUI\GUI.csproj", "{07692999-F864-4589-9904-E9236168808E}"
EndProject
Global
	GlobalSection(SolutionConfigurationPlatforms) = preSolution
		Debug|Any CPU = Debug|Any CPU
		Release|Any CPU = Release|Any CPU
	EndGlobalSection
	GlobalSection(ProjectConfigurationPlatforms) = postSolution
		{07692999-F864-4589-9904-E9236168808E}.Debug|Any CPU.ActiveCfg = Debug|Any CPU
		{07692999-F864-4589-9904-E9236168808E}.Debug|Any CPU.Build.0 = Debug|Any CPU
		{07692999-F864-4589-9904-E9236168808E}.Release|Any CPU.ActiveCfg = Release|Any CPU
		{07692999-F864-4589-9904-E9236168808E}.Release|Any CPU.Build.0 = Release|Any CPU
	EndGlobalSection
	GlobalSection(SolutionProperties) = preSolution
		HideSolutionNode = FALSE
	EndGlobalSection
	GlobalSection(ExtensibilityGlobals) = postSolution
		SolutionGuid = {16236F5A-BE9C-4CB0-B18C-8FD6ACA560F7}
	EndGlobalSection
EndGlobal
